{
    "name": "auditly-demo",
    "version": "0.0.0",
    "lockfileVersion": 1,
    "requires": true,
    "dependencies": {
        "@types/geojson": {
            "version": "1.0.6",
            "resolved": "https://repo.ccollab.net/repository/npm-group/@types/geojson/-/geojson-1.0.6.tgz",
            "integrity": "sha512-Xqg/lIZMrUd0VRmSRbCAewtwGZiAk3mEUDvV4op1tGl+LvyPcb/MIOSxTl9z+9+J+R4/vpjiCAT4xeKzH9ji1w=="
        },
        "auditly": {
            "version": "github:scottpreston/auditly#2f18be40ca36d5dc25bbaa4a5e4a474c58b29a29",
            "from": "github:scottpreston/auditly#AddingCommandLineOptions",
            "dev": true,
            "requires": {
                "bootstrap": "^4.5.0",
                "handlebars": "^4.7.6",
                "lodash": "^4.17.19"
            }
        },
        "bluebird": {
            "version": "3.7.2",
            "resolved": "https://repo.ccollab.net/repository/npm-group/bluebird/-/bluebird-3.7.2.tgz",
            "integrity": "sha512-XpNj6GDQzdfW+r2Wnn7xiSAd7TM3jzkxGXBGTtWKuSXv1xUV+azxAm8jdWZN06QTQk+2N2XB9jRDkvbmQmcRtg=="
        },
        "bootstrap": {
            "version": "4.5.0",
            "resolved": "https://repo.ccollab.net/repository/npm-group/bootstrap/-/bootstrap-4.5.0.tgz",
            "integrity": "sha512-Z93QoXvodoVslA+PWNdk23Hze4RBYIkpb5h8I2HY2Tu2h7A0LpAgLcyrhrSUyo2/Oxm2l1fRZPs1e5hnxnliXA==",
            "dev": true
        },
        "debug": {
            "version": "2.6.9",
            "resolved": "https://repo.ccollab.net/repository/npm-group/debug/-/debug-2.6.9.tgz",
            "integrity": "sha512-bC7ElrdJaJnPbAP+1EotYvqZsb3ecl5wi6Bfi6BJTUcNowp6cvspg0jXznRTKDjm/E7AdgFBVeAPVMNcKGsHMA==",
            "requires": {
                "ms": "2.0.0"
            }
        },
        "depd": {
            "version": "1.1.2",
            "resolved": "https://repo.ccollab.net/repository/npm-group/depd/-/depd-1.1.2.tgz",
            "integrity": "sha1-m81S4UwJd2PnSbJ0xDRu0uVgtak="
        },
        "dottie": {
            "version": "1.1.1",
            "resolved": "https://repo.ccollab.net/repository/npm-group/dottie/-/dottie-1.1.1.tgz",
            "integrity": "sha1-RcKj9IvWUo7u0memmoSOqspvqmo="
        },
        "generic-pool": {
            "version": "2.4.2",
            "resolved": "https://repo.ccollab.net/repository/npm-group/generic-pool/-/generic-pool-2.4.2.tgz",
            "integrity": "sha1-iGvFvwvrfblugby7oHiBjeWmJoM="
        },
        "handlebars": {
            "version": "4.7.6",
            "resolved": "https://repo.ccollab.net/repository/npm-group/handlebars/-/handlebars-4.7.6.tgz",
            "integrity": "sha512-1f2BACcBfiwAfStCKZNrUCgqNZkGsAT7UM3kkYtXuLo0KnaVfjKOyf7PRzB6++aK9STyT1Pd2ZCPe3EGOXleXA==",
            "dev": true,
            "requires": {
                "minimist": "^1.2.5",
                "neo-async": "^2.6.0",
                "source-map": "^0.6.1",
                "uglify-js": "^3.1.4",
                "wordwrap": "^1.0.0"
            }
        },
        "inflection": {
            "version": "1.12.0",
            "resolved": "https://repo.ccollab.net/repository/npm-group/inflection/-/inflection-1.12.0.tgz",
            "integrity": "sha1-ogCTVlbW9fa8TcdQLhrstwMihBY="
        },
        "lodash": {
            "version": "4.17.19",
            "resolved": "https://repo.ccollab.net/repository/npm-group/lodash/-/lodash-4.17.19.tgz",
            "integrity": "sha512-JNvd8XER9GQX0v2qJgsaN/mzFCNA5BRe/j8JN9d+tWyGLSodKQHKFicdwNYzWwI3wjRnaKPsGj1XkBjx/F96DQ=="
        },
        "minimist": {
            "version": "1.2.5",
            "resolved": "https://repo.ccollab.net/repository/npm-group/minimist/-/minimist-1.2.5.tgz",
            "integrity": "sha512-FM9nNUYrRBAELZQT3xeZQ7fmMOBg6nWNmJKTcgsJeaLstP/UODVpGsr5OhXhhXg6f+qtJ8uiZ+PUxkDWcgIXLw==",
            "dev": true
        },
        "moment": {
            "version": "2.27.0",
            "resolved": "https://repo.ccollab.net/repository/npm-group/moment/-/moment-2.27.0.tgz",
            "integrity": "sha512-al0MUK7cpIcglMv3YF13qSgdAIqxHTO7brRtaz3DlSULbqfazqkc5kEjNrLDOM7fsjshoFIihnU8snrP7zUvhQ=="
        },
        "moment-timezone": {
            "version": "0.5.31",
            "resolved": "https://repo.ccollab.net/repository/npm-group/moment-timezone/-/moment-timezone-0.5.31.tgz",
            "integrity": "sha512-+GgHNg8xRhMXfEbv81iDtrVeTcWt0kWmTEY1XQK14dICTXnWJnT0dxdlPspwqF3keKMVPXwayEsk1DI0AA/jdA==",
            "requires": {
                "moment": ">= 2.9.0"
            }
        },
        "ms": {
            "version": "2.0.0",
            "resolved": "https://repo.ccollab.net/repository/npm-group/ms/-/ms-2.0.0.tgz",
            "integrity": "sha1-VgiurfwAvmwpAd9fmGF4jeDVl8g="
        },
        "neo-async": {
            "version": "2.6.2",
            "resolved": "https://repo.ccollab.net/repository/npm-group/neo-async/-/neo-async-2.6.2.tgz",
            "integrity": "sha512-Yd3UES5mWCSqR+qNT93S3UoYUkqAZ9lLg8a7g9rimsWmYGK8cVToA4/sF3RrshdyV3sAGMXVUmpMYOw+dLpOuw==",
            "dev": true
        },
        "retry-as-promised": {
            "version": "2.3.2",
            "resolved": "https://repo.ccollab.net/repository/npm-group/retry-as-promised/-/retry-as-promised-2.3.2.tgz",
            "integrity": "sha1-zZdO5P2bX+A8vzGHHuSCIcB3N7c=",
            "requires": {
                "bluebird": "^3.4.6",
                "debug": "^2.6.9"
            }
        },
        "semver": {
            "version": "5.7.1",
            "resolved": "https://repo.ccollab.net/repository/npm-group/semver/-/semver-5.7.1.tgz",
            "integrity": "sha512-sauaDf/PZdVgrLTNYHRtpXa1iRiKcaebiKQ1BJdpQlWH2lCvexQdX55snPFyK7QzpudqbCI0qXFfOasHdyNDGQ=="
        },
        "sequelize": {
            "version": "3.35.1",
            "resolved": "https://repo.ccollab.net/repository/npm-group/sequelize/-/sequelize-3.35.1.tgz",
            "integrity": "sha512-NhUmk4U+fS33/XW8CZsu1fSk8iSseJWF8fKuSa+kDIAK+lmA254QBbDAJiFvdH0P1ZSxyIS1zXl8FqVK5JDq9g==",
            "requires": {
                "bluebird": "^3.3.4",
                "depd": "^1.1.0",
                "dottie": "^1.0.0",
                "generic-pool": "2.4.2",
                "inflection": "^1.6.0",
                "lodash": "^4.17.10",
                "moment": "^2.13.0",
                "moment-timezone": "^0.5.4",
                "retry-as-promised": "^2.0.0",
                "semver": "^5.0.1",
                "shimmer": "1.1.0",
                "terraformer-wkt-parser": "^1.1.0",
                "toposort-class": "^1.0.1",
                "uuid": "^3.0.0",
                "validator": "^5.2.0",
                "wkx": "0.2.0"
            }
        },
        "shimmer": {
            "version": "1.1.0",
            "resolved": "https://repo.ccollab.net/repository/npm-group/shimmer/-/shimmer-1.1.0.tgz",
            "integrity": "sha1-l9c3cTf/u6tCVSLkKf4KqJpIizU="
        },
        "source-map": {
            "version": "0.6.1",
            "resolved": "https://repo.ccollab.net/repository/npm-group/source-map/-/source-map-0.6.1.tgz",
            "integrity": "sha512-UjgapumWlbMhkBgzT7Ykc5YXUT46F0iKu8SGXq0bcwP5dz/h0Plj6enJqjz1Zbq2l5WaqYnrVbwWOWMyF3F47g==",
            "dev": true
        },
        "terraformer": {
            "version": "1.0.12",
            "resolved": "https://repo.ccollab.net/repository/npm-group/terraformer/-/terraformer-1.0.12.tgz",
            "integrity": "sha512-MokUp0+MFal4CmJDVL6VAO1bKegeXcBM2RnPVfqcFIp2IIv8EbPAjG0j/vEy/vuKB8NVMMSF2vfpVS/QLe4DBg==",
            "requires": {
                "@types/geojson": "^7946.0.0 || ^1.0.0"
            }
        },
        "terraformer-wkt-parser": {
            "version": "1.2.1",
            "resolved": "https://repo.ccollab.net/repository/npm-group/terraformer-wkt-parser/-/terraformer-wkt-parser-1.2.1.tgz",
            "integrity": "sha512-+CJyNLWb3lJ9RsZMTM66BY0MT3yIo4l4l22Jd9CrZuwzk54fsu4Sc7zejuS9fCITTuTQy3p06d4MZMVI7v5wSg==",
            "requires": {
                "@types/geojson": "^1.0.0",
                "terraformer": "~1.0.5"
            }
        },
        "toposort-class": {
            "version": "1.0.1",
            "resolved": "https://repo.ccollab.net/repository/npm-group/toposort-class/-/toposort-class-1.0.1.tgz",
            "integrity": "sha1-f/0feMi+KMO6Rc1OGj9e4ZO9mYg="
        },
        "uglify-js": {
            "version": "3.10.0",
            "resolved": "https://repo.ccollab.net/repository/npm-group/uglify-js/-/uglify-js-3.10.0.tgz",
            "integrity": "sha512-Esj5HG5WAyrLIdYU74Z3JdG2PxdIusvj6IWHMtlyESxc7kcDz7zYlYjpnSokn1UbpV0d/QX9fan7gkCNd/9BQA==",
            "dev": true,
            "optional": true
        },
        "uuid": {
            "version": "3.4.0",
            "resolved": "https://repo.ccollab.net/repository/npm-group/uuid/-/uuid-3.4.0.tgz",
            "integrity": "sha512-HjSDRw6gZE5JMggctHBcjVak08+KEVhSIiDzFnT9S9aegmp85S/bReBVTb4QTFaRNptJ9kuYaNhnbNEOkbKb/A=="
        },
        "validator": {
            "version": "5.7.0",
            "resolved": "https://repo.ccollab.net/repository/npm-group/validator/-/validator-5.7.0.tgz",
            "integrity": "sha1-eoelgUa2laxIYHEUHAxJ1n2gXlw="
        },
        "wkx": {
            "version": "0.2.0",
            "resolved": "https://repo.ccollab.net/repository/npm-group/wkx/-/wkx-0.2.0.tgz",
            "integrity": "sha1-dsJPFqzQzY+TzTSqMx4PeWElboQ="
        },
        "wordwrap": {
            "version": "1.0.0",
            "resolved": "https://repo.ccollab.net/repository/npm-group/wordwrap/-/wordwrap-1.0.0.tgz",
            "integrity": "sha1-J1hIEIkUVqQXHI0CJkQa3pDLyus=",
            "dev": true
        }
    }
}
